{
  "name": "wordle-bot",
  "version": "1.0.0",
  "lockfileVersion": 1,
  "requires": true,
  "dependencies": {
    "@serverless/typescript": {
      "version": "2.71.0",
      "resolved": "https://registry.npmjs.org/@serverless/typescript/-/typescript-2.71.0.tgz",
      "integrity": "sha512-Dh7zsUnBoBIZJbx2+oKd2E4pMEDGilgdcKU0fIctTa+mejI0zCOxwCtRQ4pNe6d5e/l5XDGwsU5N4w+fHPv79w==",
      "dev": true
    },
    "@types/node": {
      "version": "14.18.7",
      "resolved": "https://registry.npmjs.org/@types/node/-/node-14.18.7.tgz",
      "integrity": "sha512-UpLEO1iBG7esNPusSAjoZhWFK5Mfd8QfwWhHRrg5io13POn/stsBgTCba9suQaFflNA4tc0+6AFM3R6BZNng6A==",
      "dev": true
    }
  }
}
